
Microsoft Visual Studio Solution File, Format Version 12.00
# Visual Studio Version 17
VisualStudioVersion = 17.0.31903.59
MinimumVisualStudioVersion = 10.0.40219.1
Project("{FAE04EC0-301F-11D3-BF4B-00C04F79EFBC}") = "ValidorCartaoCredito.Api", "ValidorCartaoCredito.Api\ValidorCartaoCredito.Api.csproj", "{F758A96B-3FF9-4A5D-8A52-B084FCA67FA1}"
EndProject
Project("{FAE04EC0-301F-11D3-BF4B-00C04F79EFBC}") = "ValidorCartaoCredito.Frontend", "ValidorCartaoCredito.Frontend\ValidorCartaoCredito.Frontend.csproj", "{0115B6DB-6E07-4BCF-9858-F6B9AE43A1AF}"
EndProject
Project("{FAE04EC0-301F-11D3-BF4B-00C04F79EFBC}") = "ValidadorCartaoCredito.Tests", "ValidadorCartaoCredito.Tests\ValidadorCartaoCredito.Tests.csproj", "{BF6EB870-D08D-4B3F-A121-4AC8963B8DAC}"
EndProject
Project("{2150E333-8FDC-42A3-9474-1A3956D46DE8}") = "Itens de Solução", "Itens de Solução", "{380A7511-A354-6D7A-0CC0-8FA1F1BA7B6C}"
	ProjectSection(SolutionItems) = preProject
		.gitignore = .gitignore
		README.md = README.md
	EndProjectSection
EndProject
Project("{FAE04EC0-301F-11D3-BF4B-00C04F79EFBC}") = "ValidadorCartaoCredito.Core", "ValidadorCartaoCredito.Core\ValidadorCartaoCredito.Core.csproj", "{7DC69852-73DA-4CC5-B695-DAAEF12FA0D9}"
EndProject
Global
	GlobalSection(SolutionConfigurationPlatforms) = preSolution
		Debug|Any CPU = Debug|Any CPU
		Debug|x64 = Debug|x64
		Debug|x86 = Debug|x86
		Release|Any CPU = Release|Any CPU
		Release|x64 = Release|x64
		Release|x86 = Release|x86
	EndGlobalSection
	GlobalSection(ProjectConfigurationPlatforms) = postSolution
		{F758A96B-3FF9-4A5D-8A52-B084FCA67FA1}.Debug|Any CPU.ActiveCfg = Debug|Any CPU
		{F758A96B-3FF9-4A5D-8A52-B084FCA67FA1}.Debug|Any CPU.Build.0 = Debug|Any CPU
		{F758A96B-3FF9-4A5D-8A52-B084FCA67FA1}.Debug|x64.ActiveCfg = Debug|Any CPU
		{F758A96B-3FF9-4A5D-8A52-B084FCA67FA1}.Debug|x64.Build.0 = Debug|Any CPU
		{F758A96B-3FF9-4A5D-8A52-B084FCA67FA1}.Debug|x86.ActiveCfg = Debug|Any CPU
		{F758A96B-3FF9-4A5D-8A52-B084FCA67FA1}.Debug|x86.Build.0 = Debug|Any CPU
		{F758A96B-3FF9-4A5D-8A52-B084FCA67FA1}.Release|Any CPU.ActiveCfg = Release|Any CPU
		{F758A96B-3FF9-4A5D-8A52-B084FCA67FA1}.Release|Any CPU.Build.0 = Release|Any CPU
		{F758A96B-3FF9-4A5D-8A52-B084FCA67FA1}.Release|x64.ActiveCfg = Release|Any CPU
		{F758A96B-3FF9-4A5D-8A52-B084FCA67FA1}.Release|x64.Build.0 = Release|Any CPU
		{F758A96B-3FF9-4A5D-8A52-B084FCA67FA1}.Release|x86.ActiveCfg = Release|Any CPU
		{F758A96B-3FF9-4A5D-8A52-B084FCA67FA1}.Release|x86.Build.0 = Release|Any CPU
		{0115B6DB-6E07-4BCF-9858-F6B9AE43A1AF}.Debug|Any CPU.ActiveCfg = Debug|Any CPU
		{0115B6DB-6E07-4BCF-9858-F6B9AE43A1AF}.Debug|Any CPU.Build.0 = Debug|Any CPU
		{0115B6DB-6E07-4BCF-9858-F6B9AE43A1AF}.Debug|x64.ActiveCfg = Debug|Any CPU
		{0115B6DB-6E07-4BCF-9858-F6B9AE43A1AF}.Debug|x64.Build.0 = Debug|Any CPU
		{0115B6DB-6E07-4BCF-9858-F6B9AE43A1AF}.Debug|x86.ActiveCfg = Debug|Any CPU
		{0115B6DB-6E07-4BCF-9858-F6B9AE43A1AF}.Debug|x86.Build.0 = Debug|Any CPU
		{0115B6DB-6E07-4BCF-9858-F6B9AE43A1AF}.Release|Any CPU.ActiveCfg = Release|Any CPU
		{0115B6DB-6E07-4BCF-9858-F6B9AE43A1AF}.Release|Any CPU.Build.0 = Release|Any CPU
		{0115B6DB-6E07-4BCF-9858-F6B9AE43A1AF}.Release|x64.ActiveCfg = Release|Any CPU
		{0115B6DB-6E07-4BCF-9858-F6B9AE43A1AF}.Release|x64.Build.0 = Release|Any CPU
		{0115B6DB-6E07-4BCF-9858-F6B9AE43A1AF}.Release|x86.ActiveCfg = Release|Any CPU
		{0115B6DB-6E07-4BCF-9858-F6B9AE43A1AF}.Release|x86.Build.0 = Release|Any CPU
		{BF6EB870-D08D-4B3F-A121-4AC8963B8DAC}.Debug|Any CPU.ActiveCfg = Debug|Any CPU
		{BF6EB870-D08D-4B3F-A121-4AC8963B8DAC}.Debug|Any CPU.Build.0 = Debug|Any CPU
		{BF6EB870-D08D-4B3F-A121-4AC8963B8DAC}.Debug|x64.ActiveCfg = Debug|Any CPU
		{BF6EB870-D08D-4B3F-A121-4AC8963B8DAC}.Debug|x64.Build.0 = Debug|Any CPU
		{BF6EB870-D08D-4B3F-A121-4AC8963B8DAC}.Debug|x86.ActiveCfg = Debug|Any CPU
		{BF6EB870-D08D-4B3F-A121-4AC8963B8DAC}.Debug|x86.Build.0 = Debug|Any CPU
		{BF6EB870-D08D-4B3F-A121-4AC8963B8DAC}.Release|Any CPU.ActiveCfg = Release|Any CPU
		{BF6EB870-D08D-4B3F-A121-4AC8963B8DAC}.Release|Any CPU.Build.0 = Release|Any CPU
		{BF6EB870-D08D-4B3F-A121-4AC8963B8DAC}.Release|x64.ActiveCfg = Release|Any CPU
		{BF6EB870-D08D-4B3F-A121-4AC8963B8DAC}.Release|x64.Build.0 = Release|Any CPU
		{BF6EB870-D08D-4B3F-A121-4AC8963B8DAC}.Release|x86.ActiveCfg = Release|Any CPU
		{BF6EB870-D08D-4B3F-A121-4AC8963B8DAC}.Release|x86.Build.0 = Release|Any CPU
		{7DC69852-73DA-4CC5-B695-DAAEF12FA0D9}.Debug|Any CPU.ActiveCfg = Debug|Any CPU
		{7DC69852-73DA-4CC5-B695-DAAEF12FA0D9}.Debug|Any CPU.Build.0 = Debug|Any CPU
		{7DC69852-73DA-4CC5-B695-DAAEF12FA0D9}.Debug|x64.ActiveCfg = Debug|Any CPU
		{7DC69852-73DA-4CC5-B695-DAAEF12FA0D9}.Debug|x64.Build.0 = Debug|Any CPU
		{7DC69852-73DA-4CC5-B695-DAAEF12FA0D9}.Debug|x86.ActiveCfg = Debug|Any CPU
		{7DC69852-73DA-4CC5-B695-DAAEF12FA0D9}.Debug|x86.Build.0 = Debug|Any CPU
		{7DC69852-73DA-4CC5-B695-DAAEF12FA0D9}.Release|Any CPU.ActiveCfg = Release|Any CPU
		{7DC69852-73DA-4CC5-B695-DAAEF12FA0D9}.Release|Any CPU.Build.0 = Release|Any CPU
		{7DC69852-73DA-4CC5-B695-DAAEF12FA0D9}.Release|x64.ActiveCfg = Release|Any CPU
		{7DC69852-73DA-4CC5-B695-DAAEF12FA0D9}.Release|x64.Build.0 = Release|Any CPU
		{7DC69852-73DA-4CC5-B695-DAAEF12FA0D9}.Release|x86.ActiveCfg = Release|Any CPU
		{7DC69852-73DA-4CC5-B695-DAAEF12FA0D9}.Release|x86.Build.0 = Release|Any CPU
	EndGlobalSection
	GlobalSection(SolutionProperties) = preSolution
		HideSolutionNode = FALSE
	EndGlobalSection
	GlobalSection(ExtensibilityGlobals) = postSolution
		SolutionGuid = {826E68BB-7F5C-41BC-A771-FA0CD5DD2B2E}
	EndGlobalSection
EndGlobal
